// !$*UTF8*$!
{
	archiveVersion = 1;
	classes = {
	};
	objectVersion = 50;
	objects = {

/* Begin PBXBuildFile section */
		B37BE5852652F427009F6880 /* AppDelegate.swift in Sources */ = {isa = PBXBuildFile; fileRef = B37BE5842652F427009F6880 /* AppDelegate.swift */; };
		B37BE5892652F427009F6880 /* WeatherInfoViewController.swift in Sources */ = {isa = PBXBuildFile; fileRef = B37BE5882652F427009F6880 /* WeatherInfoViewController.swift */; };
		B37BE58C2652F427009F6880 /* Main.storyboard in Resources */ = {isa = PBXBuildFile; fileRef = B37BE58A2652F427009F6880 /* Main.storyboard */; };
		B37BE58E2652F428009F6880 /* Assets.xcassets in Resources */ = {isa = PBXBuildFile; fileRef = B37BE58D2652F428009F6880 /* Assets.xcassets */; };
		B37BE5912652F428009F6880 /* LaunchScreen.storyboard in Resources */ = {isa = PBXBuildFile; fileRef = B37BE58F2652F428009F6880 /* LaunchScreen.storyboard */; };
		B37BE5992652FA0F009F6880 /* NetworkManager.swift in Sources */ = {isa = PBXBuildFile; fileRef = B37BE5982652FA0F009F6880 /* NetworkManager.swift */; };
		B37BE59B2652FA64009F6880 /* WeatherResponse.swift in Sources */ = {isa = PBXBuildFile; fileRef = B37BE59A2652FA64009F6880 /* WeatherResponse.swift */; };
/* End PBXBuildFile section */

/* Begin PBXFileReference section */
		B37BE5812652F427009F6880 /* Weather.app */ = {isa = PBXFileReference; explicitFileType = wrapper.application; includeInIndex = 0; path = Weather.app; sourceTree = BUILT_PRODUCTS_DIR; };
		B37BE5842652F427009F6880 /* AppDelegate.swift */ = {isa = PBXFileReference; lastKnownFileType = sourcecode.swift; path = AppDelegate.swift; sourceTree = "<group>"; };
		B37BE5882652F427009F6880 /* WeatherInfoViewController.swift */ = {isa = PBXFileReference; lastKnownFileType = sourcecode.swift; path = WeatherInfoViewController.swift; sourceTree = "<group>"; };
		B37BE58B2652F427009F6880 /* Base */ = {isa = PBXFileReference; lastKnownFileType = file.storyboard; name = Base; path = Base.lproj/Main.storyboard; sourceTree = "<group>"; };
		B37BE58D2652F428009F6880 /* Assets.xcassets */ = {isa = PBXFileReference; lastKnownFileType = folder.assetcatalog; path = Assets.xcassets; sourceTree = "<group>"; };
		B37BE5902652F428009F6880 /* Base */ = {isa = PBXFileReference; lastKnownFileType = file.storyboard; name = Base; path = Base.lproj/LaunchScreen.storyboard; sourceTree = "<group>"; };
		B37BE5922652F428009F6880 /* Info.plist */ = {isa = PBXFileReference; lastKnownFileType = text.plist.xml; path = Info.plist; sourceTree = "<group>"; };
		B37BE5982652FA0F009F6880 /* NetworkManager.swift */ = {isa = PBXFileReference; lastKnownFileType = sourcecode.swift; path = NetworkManager.swift; sourceTree = "<group>"; };
		B37BE59A2652FA64009F6880 /* WeatherResponse.swift */ = {isa = PBXFileReference; lastKnownFileType = sourcecode.swift; path = WeatherResponse.swift; sourceTree = "<group>"; };
/* End PBXFileReference section */

/* Begin PBXFrameworksBuildPhase section */
		B37BE57E2652F427009F6880 /* Frameworks */ = {
			isa = PBXFrameworksBuildPhase;
			buildActionMask = 2147483647;
			files = (
			);
			runOnlyForDeploymentPostprocessing = 0;
		};
/* End PBXFrameworksBuildPhase section */

/* Begin PBXGroup section */
		B30C9A402658F49E00246A96 /* Source */ = {
			isa = PBXGroup;
			children = (
				B37BE58D2652F428009F6880 /* Assets.xcassets */,
			);
			path = Source;
			sourceTree = "<group>";
		};
		B30C9A412658F4AB00246A96 /* SupportingFiles */ = {
			isa = PBXGroup;
			children = (
				B37BE5842652F427009F6880 /* AppDelegate.swift */,
				B37BE5922652F428009F6880 /* Info.plist */,
			);
			path = SupportingFiles;
			sourceTree = "<group>";
		};
		B37BE5782652F427009F6880 = {
			isa = PBXGroup;
			children = (
				B37BE5832652F427009F6880 /* Weather */,
				B37BE5822652F427009F6880 /* Products */,
			);
			sourceTree = "<group>";
		};
		B37BE5822652F427009F6880 /* Products */ = {
			isa = PBXGroup;
			children = (
				B37BE5812652F427009F6880 /* Weather.app */,
			);
			name = Products;
			sourceTree = "<group>";
		};
		B37BE5832652F427009F6880 /* Weather */ = {
			isa = PBXGroup;
			children = (
				B37BE59F26530118009F6880 /* ViewControllers */,
				B37BE59E2653010A009F6880 /* Services */,
				B37BE59D265300FD009F6880 /* Models */,
				B37BE59C265300E6009F6880 /* Storyboards */,
				B30C9A402658F49E00246A96 /* Source */,
				B30C9A412658F4AB00246A96 /* SupportingFiles */,
			);
			path = Weather;
			sourceTree = "<group>";
		};
		B37BE59C265300E6009F6880 /* Storyboards */ = {
			isa = PBXGroup;
			children = (
				B37BE58A2652F427009F6880 /* Main.storyboard */,
				B37BE58F2652F428009F6880 /* LaunchScreen.storyboard */,
			);
			path = Storyboards;
			sourceTree = "<group>";
		};
		B37BE59D265300FD009F6880 /* Models */ = {
			isa = PBXGroup;
			children = (
				B37BE59A2652FA64009F6880 /* WeatherResponse.swift */,
			);
			path = Models;
			sourceTree = "<group>";
		};
		B37BE59E2653010A009F6880 /* Services */ = {
			isa = PBXGroup;
			children = (
				B37BE5982652FA0F009F6880 /* NetworkManager.swift */,
			);
			path = Services;
			sourceTree = "<group>";
		};
		B37BE59F26530118009F6880 /* ViewControllers */ = {
			isa = PBXGroup;
			children = (
				B37BE5882652F427009F6880 /* WeatherInfoViewController.swift */,
			);
			path = ViewControllers;
			sourceTree = "<group>";
		};
/* End PBXGroup section */

/* Begin PBXNativeTarget section */
		B37BE5802652F427009F6880 /* Weather */ = {
			isa = PBXNativeTarget;
			buildConfigurationList = B37BE5952652F428009F6880 /* Build configuration list for PBXNativeTarget "Weather" */;
			buildPhases = (
				B37BE57D2652F427009F6880 /* Sources */,
				B37BE57E2652F427009F6880 /* Frameworks */,
				B37BE57F2652F427009F6880 /* Resources */,
			);
			buildRules = (
			);
			dependencies = (
			);
			name = Weather;
			productName = Weather;
			productReference = B37BE5812652F427009F6880 /* Weather.app */;
			productType = "com.apple.product-type.application";
		};
/* End PBXNativeTarget section */

/* Begin PBXProject section */
		B37BE5792652F427009F6880 /* Project object */ = {
			isa = PBXProject;
			attributes = {
				LastSwiftUpdateCheck = 1250;
				LastUpgradeCheck = 1250;
				TargetAttributes = {
					B37BE5802652F427009F6880 = {
						CreatedOnToolsVersion = 12.5;
					};
				};
			};
			buildConfigurationList = B37BE57C2652F427009F6880 /* Build configuration list for PBXProject "Weather" */;
			compatibilityVersion = "Xcode 9.3";
			developmentRegion = en;
			hasScannedForEncodings = 0;
			knownRegions = (
				en,
				Base,
			);
			mainGroup = B37BE5782652F427009F6880;
			productRefGroup = B37BE5822652F427009F6880 /* Products */;
			projectDirPath = "";
			projectRoot = "";
			targets = (
				B37BE5802652F427009F6880 /* Weather */,
			);
		};
/* End PBXProject section */

/* Begin PBXResourcesBuildPhase section */
		B37BE57F2652F427009F6880 /* Resources */ = {
			isa = PBXResourcesBuildPhase;
			buildActionMask = 2147483647;
			files = (
				B37BE5912652F428009F6880 /* LaunchScreen.storyboard in Resources */,
				B37BE58E2652F428009F6880 /* Assets.xcassets in Resources */,
				B37BE58C2652F427009F6880 /* Main.storyboard in Resources */,
			);
			runOnlyForDeploymentPostprocessing = 0;
		};
/* End PBXResourcesBuildPhase section */

/* Begin PBXSourcesBuildPhase section */
		B37BE57D2652F427009F6880 /* Sources */ = {
			isa = PBXSourcesBuildPhase;
			buildActionMask = 2147483647;
			files = (
				B37BE5992652FA0F009F6880 /* NetworkManager.swift in Sources */,
				B37BE59B2652FA64009F6880 /* WeatherResponse.swift in Sources */,
				B37BE5892652F427009F6880 /* WeatherInfoViewController.swift in Sources */,
				B37BE5852652F427009F6880 /* AppDelegate.swift in Sources */,
			);
			runOnlyForDeploymentPostprocessing = 0;
		};
/* End PBXSourcesBuildPhase section */

/* Begin PBXVariantGroup section */
		B37BE58A2652F427009F6880 /* Main.storyboard */ = {
			isa = PBXVariantGroup;
			children = (
				B37BE58B2652F427009F6880 /* Base */,
			);
			name = Main.storyboard;
			sourceTree = "<group>";
		};
		B37BE58F2652F428009F6880 /* LaunchScreen.storyboard */ = {
			isa = PBXVariantGroup;
			children = (
				B37BE5902652F428009F6880 /* Base */,
			);
			name = LaunchScreen.storyboard;
			sourceTree = "<group>";
		};
/* End PBXVariantGroup section */

/* Begin XCBuildConfiguration section */
		B37BE5932652F428009F6880 /* Debug */ = {
			isa = XCBuildConfiguration;
			buildSettings = {
				ALWAYS_SEARCH_USER_PATHS = NO;
				CLANG_ANALYZER_NONNULL = YES;
				CLANG_ANALYZER_NUMBER_OBJECT_CONVERSION = YES_AGGRESSIVE;
				CLANG_CXX_LANGUAGE_STANDARD = "gnu++14";
				CLANG_CXX_LIBRARY = "libc++";
				CLANG_ENABLE_MODULES = YES;
				CLANG_ENABLE_OBJC_ARC = YES;
				CLANG_ENABLE_OBJC_WEAK = YES;
				CLANG_WARN_BLOCK_CAPTURE_AUTORELEASING = YES;
				CLANG_WARN_BOOL_CONVERSION = YES;
				CLANG_WARN_COMMA = YES;
				CLANG_WARN_CONSTANT_CONVERSION = YES;
				CLANG_WARN_DEPRECATED_OBJC_IMPLEMENTATIONS = YES;
				CLANG_WARN_DIRECT_OBJC_ISA_USAGE = YES_ERROR;
				CLANG_WARN_DOCUMENTATION_COMMENTS = YES;
				CLANG_WARN_EMPTY_BODY = YES;
				CLANG_WARN_ENUM_CONVERSION = YES;
				CLANG_WARN_INFINITE_RECURSION = YES;
				CLANG_WARN_INT_CONVERSION = YES;
				CLANG_WARN_NON_LITERAL_NULL_CONVERSION = YES;
				CLANG_WARN_OBJC_IMPLICIT_RETAIN_SELF = YES;
				CLANG_WARN_OBJC_LITERAL_CONVERSION = YES;
				CLANG_WARN_OBJC_ROOT_CLASS = YES_ERROR;
				CLANG_WARN_QUOTED_INCLUDE_IN_FRAMEWORK_HEADER = YES;
				CLANG_WARN_RANGE_LOOP_ANALYSIS = YES;
				CLANG_WARN_STRICT_PROTOTYPES = YES;
				CLANG_WARN_SUSPICIOUS_MOVE = YES;
				CLANG_WARN_UNGUARDED_AVAILABILITY = YES_AGGRESSIVE;
				CLANG_WARN_UNREACHABLE_CODE = YES;
				CLANG_WARN__DUPLICATE_METHOD_MATCH = YES;
				COPY_PHASE_STRIP = NO;
				DEBUG_INFORMATION_FORMAT = dwarf;
				ENABLE_STRICT_OBJC_MSGSEND = YES;
				ENABLE_TESTABILITY = YES;
				GCC_C_LANGUAGE_STANDARD = gnu11;
				GCC_DYNAMIC_NO_PIC = NO;
				GCC_NO_COMMON_BLOCKS = YES;
				GCC_OPTIMIZATION_LEVEL = 0;
				GCC_PREPROCESSOR_DEFINITIONS = (
					"DEBUG=1",
					"$(inherited)",
				);
				GCC_WARN_64_TO_32_BIT_CONVERSION = YES;
				GCC_WARN_ABOUT_RETURN_TYPE = YES_ERROR;
				GCC_WARN_UNDECLARED_SELECTOR = YES;
				GCC_WARN_UNINITIALIZED_AUTOS = YES_AGGRESSIVE;
				GCC_WARN_UNUSED_FUNCTION = YES;
				GCC_WARN_UNUSED_VARIABLE = YES;
				IPHONEOS_DEPLOYMENT_TARGET = 14.5;
				MTL_ENABLE_DEBUG_INFO = INCLUDE_SOURCE;
				MTL_FAST_MATH = YES;
				ONLY_ACTIVE_ARCH = YES;
				SDKROOT = iphoneos;
				SWIFT_ACTIVE_COMPILATION_CONDITIONS = DEBUG;
				SWIFT_OPTIMIZATION_LEVEL = "-Onone";
			};
			name = Debug;
		};
		B37BE5942652F428009F6880 /* Release */ = {
			isa = XCBuildConfiguration;
			buildSettings = {
				ALWAYS_SEARCH_USER_PATHS = NO;
				CLANG_ANALYZER_NONNULL = YES;
				CLANG_ANALYZER_NUMBER_OBJECT_CONVERSION = YES_AGGRESSIVE;
				CLANG_CXX_LANGUAGE_STANDARD = "gnu++14";
				CLANG_CXX_LIBRARY = "libc++";
				CLANG_ENABLE_MODULES = YES;
				CLANG_ENABLE_OBJC_ARC = YES;
				CLANG_ENABLE_OBJC_WEAK = YES;
				CLANG_WARN_BLOCK_CAPTURE_AUTORELEASING = YES;
				CLANG_WARN_BOOL_CONVERSION = YES;
				CLANG_WARN_COMMA = YES;
				CLANG_WARN_CONSTANT_CONVERSION = YES;
				CLANG_WARN_DEPRECATED_OBJC_IMPLEMENTATIONS = YES;
				CLANG_WARN_DIRECT_OBJC_ISA_USAGE = YES_ERROR;
				CLANG_WARN_DOCUMENTATION_COMMENTS = YES;
				CLANG_WARN_EMPTY_BODY = YES;
				CLANG_WARN_ENUM_CONVERSION = YES;
				CLANG_WARN_INFINITE_RECURSION = YES;
				CLANG_WARN_INT_CONVERSION = YES;
				CLANG_WARN_NON_LITERAL_NULL_CONVERSION = YES;
				CLANG_WARN_OBJC_IMPLICIT_RETAIN_SELF = YES;
				CLANG_WARN_OBJC_LITERAL_CONVERSION = YES;
				CLANG_WARN_OBJC_ROOT_CLASS = YES_ERROR;
				CLANG_WARN_QUOTED_INCLUDE_IN_FRAMEWORK_HEADER = YES;
				CLANG_WARN_RANGE_LOOP_ANALYSIS = YES;
				CLANG_WARN_STRICT_PROTOTYPES = YES;
				CLANG_WARN_SUSPICIOUS_MOVE = YES;
				CLANG_WARN_UNGUARDED_AVAILABILITY = YES_AGGRESSIVE;
				CLANG_WARN_UNREACHABLE_CODE = YES;
				CLANG_WARN__DUPLICATE_METHOD_MATCH = YES;
				COPY_PHASE_STRIP = NO;
				DEBUG_INFORMATION_FORMAT = "dwarf-with-dsym";
				ENABLE_NS_ASSERTIONS = NO;
				ENABLE_STRICT_OBJC_MSGSEND = YES;
				GCC_C_LANGUAGE_STANDARD = gnu11;
				GCC_NO_COMMON_BLOCKS = YES;
				GCC_WARN_64_TO_32_BIT_CONVERSION = YES;
				GCC_WARN_ABOUT_RETURN_TYPE = YES_ERROR;
				GCC_WARN_UNDECLARED_SELECTOR = YES;
				GCC_WARN_UNINITIALIZED_AUTOS = YES_AGGRESSIVE;
				GCC_WARN_UNUSED_FUNCTION = YES;
				GCC_WARN_UNUSED_VARIABLE = YES;
				IPHONEOS_DEPLOYMENT_TARGET = 14.5;
				MTL_ENABLE_DEBUG_INFO = NO;
				MTL_FAST_MATH = YES;
				SDKROOT = iphoneos;
				SWIFT_COMPILATION_MODE = wholemodule;
				SWIFT_OPTIMIZATION_LEVEL = "-O";
				VALIDATE_PRODUCT = YES;
			};
			name = Release;
		};
		B37BE5962652F428009F6880 /* Debug */ = {
			isa = XCBuildConfiguration;
			buildSettings = {
				ASSETCATALOG_COMPILER_APPICON_NAME = AppIcon;
				ASSETCATALOG_COMPILER_GLOBAL_ACCENT_COLOR_NAME = AccentColor;
				CODE_SIGN_STYLE = Automatic;
				DEVELOPMENT_TEAM = L26VXXY959;
				INFOPLIST_FILE = Weather/SupportingFiles/Info.plist;
				LD_RUNPATH_SEARCH_PATHS = (
					"$(inherited)",
					"@executable_path/Frameworks",
				);
				PRODUCT_BUNDLE_IDENTIFIER = ponyminikoni.Weather;
				PRODUCT_NAME = "$(TARGET_NAME)";
				SWIFT_VERSION = 5.0;
				TARGETED_DEVICE_FAMILY = 1;
			};
			name = Debug;
		};
		B37BE5972652F428009F6880 /* Release */ = {
			isa = XCBuildConfiguration;
			buildSettings = {
				ASSETCATALOG_COMPILER_APPICON_NAME = AppIcon;
				ASSETCATALOG_COMPILER_GLOBAL_ACCENT_COLOR_NAME = AccentColor;
				CODE_SIGN_STYLE = Automatic;
				DEVELOPMENT_TEAM = L26VXXY959;
				INFOPLIST_FILE = Weather/SupportingFiles/Info.plist;
				LD_RUNPATH_SEARCH_PATHS = (
					"$(inherited)",
					"@executable_path/Frameworks",
				);
				PRODUCT_BUNDLE_IDENTIFIER = ponyminikoni.Weather;
				PRODUCT_NAME = "$(TARGET_NAME)";
				SWIFT_VERSION = 5.0;
				TARGETED_DEVICE_FAMILY = 1;
			};
			name = Release;
		};
/* End XCBuildConfiguration section */

/* Begin XCConfigurationList section */
		B37BE57C2652F427009F6880 /* Build configuration list for PBXProject "Weather" */ = {
			isa = XCConfigurationList;
			buildConfigurations = (
				B37BE5932652F428009F6880 /* Debug */,
				B37BE5942652F428009F6880 /* Release */,
			);
			defaultConfigurationIsVisible = 0;
			defaultConfigurationName = Release;
		};
		B37BE5952652F428009F6880 /* Build configuration list for PBXNativeTarget "Weather" */ = {
			isa = XCConfigurationList;
			buildConfigurations = (
				B37BE5962652F428009F6880 /* Debug */,
				B37BE5972652F428009F6880 /* Release */,
			);
			defaultConfigurationIsVisible = 0;
			defaultConfigurationName = Release;
		};
/* End XCConfigurationList section */
	};
	rootObject = B37BE5792652F427009F6880 /* Project object */;
}
